// !$*UTF8*$!
{
	archiveVersion = 1;
	classes = {
	};
	objectVersion = 46;
	objects = {

/* Begin PBXBuildFile section */
		E602D3AA1AE74BF70050E2A2 /* GrammaticalAnalysisClass.m in Sources */ = {isa = PBXBuildFile; fileRef = E602D3A91AE74BF70050E2A2 /* GrammaticalAnalysisClass.m */; };
		E66948A21AD4E51600CD9EE5 /* MenuOperating.m in Sources */ = {isa = PBXBuildFile; fileRef = E66948A11AD4E51600CD9EE5 /* MenuOperating.m */; };
		E680A06C1AD50A820063C2C5 /* CodeTypeClass.m in Sources */ = {isa = PBXBuildFile; fileRef = E680A06B1AD50A820063C2C5 /* CodeTypeClass.m */; };
		E680A0711AD51D980063C2C5 /* CodeTypeOperating.m in Sources */ = {isa = PBXBuildFile; fileRef = E680A0701AD51D980063C2C5 /* CodeTypeOperating.m */; };
		E699C88B1AD4253600CD96C8 /* FundamentalsResultPanelViewController.m in Sources */ = {isa = PBXBuildFile; fileRef = E699C8891AD4253600CD96C8 /* FundamentalsResultPanelViewController.m */; };
		E699C8911AD426AA00CD96C8 /* FundamentalsResultPanelViewController.xib in Resources */ = {isa = PBXBuildFile; fileRef = E699C8901AD426AA00CD96C8 /* FundamentalsResultPanelViewController.xib */; };
		E6A247251AF0821D001B8F02 /* OperatorPriorateWindowController.m in Sources */ = {isa = PBXBuildFile; fileRef = E6A247231AF0821D001B8F02 /* OperatorPriorateWindowController.m */; };
		E6A247261AF0821D001B8F02 /* OperatorPriorateWindowController.xib in Resources */ = {isa = PBXBuildFile; fileRef = E6A247241AF0821D001B8F02 /* OperatorPriorateWindowController.xib */; };
		E6B6AFB61AE63F4C008E9C30 /* FileOperateClass.m in Sources */ = {isa = PBXBuildFile; fileRef = E6B6AFB51AE63F4C008E9C30 /* FileOperateClass.m */; };
		E6B6AFBB1AE63FEA008E9C30 /* LLFirstForecast.m in Sources */ = {isa = PBXBuildFile; fileRef = E6B6AFB91AE63FEA008E9C30 /* LLFirstForecast.m */; };
		E6B6AFBC1AE63FEA008E9C30 /* LLFirstForecast.xib in Resources */ = {isa = PBXBuildFile; fileRef = E6B6AFBA1AE63FEA008E9C30 /* LLFirstForecast.xib */; };
		E6F034701AD39FA4002B6B65 /* AppDelegate.m in Sources */ = {isa = PBXBuildFile; fileRef = E6F0346F1AD39FA4002B6B65 /* AppDelegate.m */; };
		E6F034721AD39FA4002B6B65 /* main.m in Sources */ = {isa = PBXBuildFile; fileRef = E6F034711AD39FA4002B6B65 /* main.m */; };
		E6F034751AD39FA5002B6B65 /* ViewController.m in Sources */ = {isa = PBXBuildFile; fileRef = E6F034741AD39FA5002B6B65 /* ViewController.m */; };
		E6F034771AD39FA5002B6B65 /* Images.xcassets in Resources */ = {isa = PBXBuildFile; fileRef = E6F034761AD39FA5002B6B65 /* Images.xcassets */; };
		E6F0347A1AD39FA5002B6B65 /* Main.storyboard in Resources */ = {isa = PBXBuildFile; fileRef = E6F034781AD39FA5002B6B65 /* Main.storyboard */; };
		E6F034861AD39FA5002B6B65 /* FundamentalsCocoaTests.m in Sources */ = {isa = PBXBuildFile; fileRef = E6F034851AD39FA5002B6B65 /* FundamentalsCocoaTests.m */; };
/* End PBXBuildFile section */

/* Begin PBXContainerItemProxy section */
		E6F034801AD39FA5002B6B65 /* PBXContainerItemProxy */ = {
			isa = PBXContainerItemProxy;
			containerPortal = E6F034611AD39FA4002B6B65 /* Project object */;
			proxyType = 1;
			remoteGlobalIDString = E6F034681AD39FA4002B6B65;
			remoteInfo = FundamentalsCocoa;
		};
/* End PBXContainerItemProxy section */

/* Begin PBXFileReference section */
		E602D3A81AE74BF70050E2A2 /* GrammaticalAnalysisClass.h */ = {isa = PBXFileReference; fileEncoding = 4; lastKnownFileType = sourcecode.c.h; path = GrammaticalAnalysisClass.h; sourceTree = "<group>"; };
		E602D3A91AE74BF70050E2A2 /* GrammaticalAnalysisClass.m */ = {isa = PBXFileReference; fileEncoding = 4; lastKnownFileType = sourcecode.c.objc; path = GrammaticalAnalysisClass.m; sourceTree = "<group>"; };
		E66948A01AD4E51600CD9EE5 /* MenuOperating.h */ = {isa = PBXFileReference; fileEncoding = 4; lastKnownFileType = sourcecode.c.h; path = MenuOperating.h; sourceTree = "<group>"; };
		E66948A11AD4E51600CD9EE5 /* MenuOperating.m */ = {isa = PBXFileReference; fileEncoding = 4; lastKnownFileType = sourcecode.c.objc; path = MenuOperating.m; sourceTree = "<group>"; };
		E680A06A1AD50A820063C2C5 /* CodeTypeClass.h */ = {isa = PBXFileReference; fileEncoding = 4; lastKnownFileType = sourcecode.c.h; path = CodeTypeClass.h; sourceTree = "<group>"; };
		E680A06B1AD50A820063C2C5 /* CodeTypeClass.m */ = {isa = PBXFileReference; fileEncoding = 4; lastKnownFileType = sourcecode.c.objc; path = CodeTypeClass.m; sourceTree = "<group>"; };
		E680A06F1AD51D980063C2C5 /* CodeTypeOperating.h */ = {isa = PBXFileReference; fileEncoding = 4; lastKnownFileType = sourcecode.c.h; path = CodeTypeOperating.h; sourceTree = "<group>"; };
		E680A0701AD51D980063C2C5 /* CodeTypeOperating.m */ = {isa = PBXFileReference; fileEncoding = 4; lastKnownFileType = sourcecode.c.objc; path = CodeTypeOperating.m; sourceTree = "<group>"; };
		E699C8881AD4253600CD96C8 /* FundamentalsResultPanelViewController.h */ = {isa = PBXFileReference; fileEncoding = 4; lastKnownFileType = sourcecode.c.h; path = FundamentalsResultPanelViewController.h; sourceTree = "<group>"; };
		E699C8891AD4253600CD96C8 /* FundamentalsResultPanelViewController.m */ = {isa = PBXFileReference; fileEncoding = 4; lastKnownFileType = sourcecode.c.objc; path = FundamentalsResultPanelViewController.m; sourceTree = "<group>"; };
		E699C8901AD426AA00CD96C8 /* FundamentalsResultPanelViewController.xib */ = {isa = PBXFileReference; fileEncoding = 4; lastKnownFileType = file.xib; path = FundamentalsResultPanelViewController.xib; sourceTree = "<group>"; };
		E6A247221AF0821D001B8F02 /* OperatorPriorateWindowController.h */ = {isa = PBXFileReference; fileEncoding = 4; lastKnownFileType = sourcecode.c.h; path = OperatorPriorateWindowController.h; sourceTree = "<group>"; };
		E6A247231AF0821D001B8F02 /* OperatorPriorateWindowController.m */ = {isa = PBXFileReference; fileEncoding = 4; lastKnownFileType = sourcecode.c.objc; path = OperatorPriorateWindowController.m; sourceTree = "<group>"; };
		E6A247241AF0821D001B8F02 /* OperatorPriorateWindowController.xib */ = {isa = PBXFileReference; fileEncoding = 4; lastKnownFileType = file.xib; path = OperatorPriorateWindowController.xib; sourceTree = "<group>"; };
		E6B6AFB41AE63F4C008E9C30 /* FileOperateClass.h */ = {isa = PBXFileReference; fileEncoding = 4; lastKnownFileType = sourcecode.c.h; name = FileOperateClass.h; path = "Function Class/FileOperateClass.h"; sourceTree = "<group>"; };
		E6B6AFB51AE63F4C008E9C30 /* FileOperateClass.m */ = {isa = PBXFileReference; fileEncoding = 4; lastKnownFileType = sourcecode.c.objc; name = FileOperateClass.m; path = "Function Class/FileOperateClass.m"; sourceTree = "<group>"; };
		E6B6AFB81AE63FEA008E9C30 /* LLFirstForecast.h */ = {isa = PBXFileReference; fileEncoding = 4; lastKnownFileType = sourcecode.c.h; path = LLFirstForecast.h; sourceTree = "<group>"; };
		E6B6AFB91AE63FEA008E9C30 /* LLFirstForecast.m */ = {isa = PBXFileReference; fileEncoding = 4; lastKnownFileType = sourcecode.c.objc; path = LLFirstForecast.m; sourceTree = "<group>"; };
		E6B6AFBA1AE63FEA008E9C30 /* LLFirstForecast.xib */ = {isa = PBXFileReference; fileEncoding = 4; lastKnownFileType = file.xib; path = LLFirstForecast.xib; sourceTree = "<group>"; };
		E6F034691AD39FA4002B6B65 /* FundamentalsCocoa.app */ = {isa = PBXFileReference; explicitFileType = wrapper.application; includeInIndex = 0; path = FundamentalsCocoa.app; sourceTree = BUILT_PRODUCTS_DIR; };
		E6F0346D1AD39FA4002B6B65 /* Info.plist */ = {isa = PBXFileReference; lastKnownFileType = text.plist.xml; path = Info.plist; sourceTree = "<group>"; };
		E6F0346E1AD39FA4002B6B65 /* AppDelegate.h */ = {isa = PBXFileReference; lastKnownFileType = sourcecode.c.h; path = AppDelegate.h; sourceTree = "<group>"; };
		E6F0346F1AD39FA4002B6B65 /* AppDelegate.m */ = {isa = PBXFileReference; lastKnownFileType = sourcecode.c.objc; path = AppDelegate.m; sourceTree = "<group>"; };
		E6F034711AD39FA4002B6B65 /* main.m */ = {isa = PBXFileReference; lastKnownFileType = sourcecode.c.objc; path = main.m; sourceTree = "<group>"; };
		E6F034731AD39FA5002B6B65 /* ViewController.h */ = {isa = PBXFileReference; lastKnownFileType = sourcecode.c.h; path = ViewController.h; sourceTree = "<group>"; };
		E6F034741AD39FA5002B6B65 /* ViewController.m */ = {isa = PBXFileReference; lastKnownFileType = sourcecode.c.objc; path = ViewController.m; sourceTree = "<group>"; };
		E6F034761AD39FA5002B6B65 /* Images.xcassets */ = {isa = PBXFileReference; lastKnownFileType = folder.assetcatalog; path = Images.xcassets; sourceTree = "<group>"; };
		E6F034791AD39FA5002B6B65 /* Base */ = {isa = PBXFileReference; lastKnownFileType = file.storyboard; name = Base; path = Base.lproj/Main.storyboard; sourceTree = "<group>"; };
		E6F0347F1AD39FA5002B6B65 /* FundamentalsCocoaTests.xctest */ = {isa = PBXFileReference; explicitFileType = wrapper.cfbundle; includeInIndex = 0; path = FundamentalsCocoaTests.xctest; sourceTree = BUILT_PRODUCTS_DIR; };
		E6F034841AD39FA5002B6B65 /* Info.plist */ = {isa = PBXFileReference; lastKnownFileType = text.plist.xml; path = Info.plist; sourceTree = "<group>"; };
		E6F034851AD39FA5002B6B65 /* FundamentalsCocoaTests.m */ = {isa = PBXFileReference; lastKnownFileType = sourcecode.c.objc; path = FundamentalsCocoaTests.m; sourceTree = "<group>"; };
/* End PBXFileReference section */

/* Begin PBXFrameworksBuildPhase section */
		E6F034661AD39FA4002B6B65 /* Frameworks */ = {
			isa = PBXFrameworksBuildPhase;
			buildActionMask = 2147483647;
			files = (
			);
			runOnlyForDeploymentPostprocessing = 0;
		};
		E6F0347C1AD39FA5002B6B65 /* Frameworks */ = {
			isa = PBXFrameworksBuildPhase;
			buildActionMask = 2147483647;
			files = (
			);
			runOnlyForDeploymentPostprocessing = 0;
		};
/* End PBXFrameworksBuildPhase section */

/* Begin PBXGroup section */
		E602D3A21AE74A7E0050E2A2 /* Grammatical Analysis */ = {
			isa = PBXGroup;
			children = (
				E602D3A81AE74BF70050E2A2 /* GrammaticalAnalysisClass.h */,
				E602D3A91AE74BF70050E2A2 /* GrammaticalAnalysisClass.m */,
			);
			name = "Grammatical Analysis";
			sourceTree = "<group>";
		};
		E680A0681AD4FF6A0063C2C5 /* Fundamentals Result View Controller */ = {
			isa = PBXGroup;
			children = (
				E699C8881AD4253600CD96C8 /* FundamentalsResultPanelViewController.h */,
				E699C8891AD4253600CD96C8 /* FundamentalsResultPanelViewController.m */,
				E699C8901AD426AA00CD96C8 /* FundamentalsResultPanelViewController.xib */,
			);
			name = "Fundamentals Result View Controller";
			sourceTree = "<group>";
		};
		E680A0691AD5089D0063C2C5 /* Code Type  */ = {
			isa = PBXGroup;
			children = (
				E680A06A1AD50A820063C2C5 /* CodeTypeClass.h */,
				E680A06B1AD50A820063C2C5 /* CodeTypeClass.m */,
				E680A06F1AD51D980063C2C5 /* CodeTypeOperating.h */,
				E680A0701AD51D980063C2C5 /* CodeTypeOperating.m */,
			);
			name = "Code Type ";
			sourceTree = "<group>";
		};
		E6A247211AF07FB4001B8F02 /* Operator Priorate */ = {
			isa = PBXGroup;
			children = (
				E6A247221AF0821D001B8F02 /* OperatorPriorateWindowController.h */,
				E6A247231AF0821D001B8F02 /* OperatorPriorateWindowController.m */,
				E6A247241AF0821D001B8F02 /* OperatorPriorateWindowController.xib */,
			);
			name = "Operator Priorate";
			sourceTree = "<group>";
		};
		E6B6AFB31AE63F05008E9C30 /* Function Class */ = {
			isa = PBXGroup;
			children = (
				E6B6AFB41AE63F4C008E9C30 /* FileOperateClass.h */,
				E6B6AFB51AE63F4C008E9C30 /* FileOperateClass.m */,
			);
			name = "Function Class";
			sourceTree = "<group>";
		};
		E6B6AFB71AE63FA0008E9C30 /* LL1 */ = {
			isa = PBXGroup;
			children = (
				E6B6AFB81AE63FEA008E9C30 /* LLFirstForecast.h */,
				E6B6AFB91AE63FEA008E9C30 /* LLFirstForecast.m */,
				E6B6AFBA1AE63FEA008E9C30 /* LLFirstForecast.xib */,
			);
			name = LL1;
			sourceTree = "<group>";
		};
		E6F034601AD39FA4002B6B65 = {
			isa = PBXGroup;
			children = (
				E6F0346B1AD39FA4002B6B65 /* FundamentalsCocoa */,
				E6F034821AD39FA5002B6B65 /* FundamentalsCocoaTests */,
				E6F0346A1AD39FA4002B6B65 /* Products */,
			);
			sourceTree = "<group>";
		};
		E6F0346A1AD39FA4002B6B65 /* Products */ = {
			isa = PBXGroup;
			children = (
				E6F034691AD39FA4002B6B65 /* FundamentalsCocoa.app */,
				E6F0347F1AD39FA5002B6B65 /* FundamentalsCocoaTests.xctest */,
			);
			name = Products;
			sourceTree = "<group>";
		};
		E6F0346B1AD39FA4002B6B65 /* FundamentalsCocoa */ = {
			isa = PBXGroup;
			children = (
				E6B6AFB31AE63F05008E9C30 /* Function Class */,
				E602D3A21AE74A7E0050E2A2 /* Grammatical Analysis */,
				E6B6AFB71AE63FA0008E9C30 /* LL1 */,
				E6A247211AF07FB4001B8F02 /* Operator Priorate */,
				E680A0691AD5089D0063C2C5 /* Code Type  */,
				E680A0681AD4FF6A0063C2C5 /* Fundamentals Result View Controller */,
				E6F034921AD3ABCC002B6B65 /* Menu */,
				E6F0346E1AD39FA4002B6B65 /* AppDelegate.h */,
				E6F0346F1AD39FA4002B6B65 /* AppDelegate.m */,
				E6F034731AD39FA5002B6B65 /* ViewController.h */,
				E6F034741AD39FA5002B6B65 /* ViewController.m */,
				E6F034761AD39FA5002B6B65 /* Images.xcassets */,
				E6F034781AD39FA5002B6B65 /* Main.storyboard */,
				E6F0346C1AD39FA4002B6B65 /* Supporting Files */,
			);
			path = FundamentalsCocoa;
			sourceTree = "<group>";
		};
		E6F0346C1AD39FA4002B6B65 /* Supporting Files */ = {
			isa = PBXGroup;
			children = (
				E6F0346D1AD39FA4002B6B65 /* Info.plist */,
				E6F034711AD39FA4002B6B65 /* main.m */,
			);
			name = "Supporting Files";
			sourceTree = "<group>";
		};
		E6F034821AD39FA5002B6B65 /* FundamentalsCocoaTests */ = {
			isa = PBXGroup;
			children = (
				E6F034851AD39FA5002B6B65 /* FundamentalsCocoaTests.m */,
				E6F034831AD39FA5002B6B65 /* Supporting Files */,
			);
			path = FundamentalsCocoaTests;
			sourceTree = "<group>";
		};
		E6F034831AD39FA5002B6B65 /* Supporting Files */ = {
			isa = PBXGroup;
			children = (
				E6F034841AD39FA5002B6B65 /* Info.plist */,
			);
			name = "Supporting Files";
			sourceTree = "<group>";
		};
		E6F034921AD3ABCC002B6B65 /* Menu */ = {
			isa = PBXGroup;
			children = (
				E66948A01AD4E51600CD9EE5 /* MenuOperating.h */,
				E66948A11AD4E51600CD9EE5 /* MenuOperating.m */,
			);
			name = Menu;
			sourceTree = "<group>";
		};
/* End PBXGroup section */

/* Begin PBXNativeTarget section */
		E6F034681AD39FA4002B6B65 /* FundamentalsCocoa */ = {
			isa = PBXNativeTarget;
			buildConfigurationList = E6F034891AD39FA5002B6B65 /* Build configuration list for PBXNativeTarget "FundamentalsCocoa" */;
			buildPhases = (
				E6F034651AD39FA4002B6B65 /* Sources */,
				E6F034661AD39FA4002B6B65 /* Frameworks */,
				E6F034671AD39FA4002B6B65 /* Resources */,
			);
			buildRules = (
			);
			dependencies = (
			);
			name = FundamentalsCocoa;
			productName = FundamentalsCocoa;
			productReference = E6F034691AD39FA4002B6B65 /* FundamentalsCocoa.app */;
			productType = "com.apple.product-type.application";
		};
		E6F0347E1AD39FA5002B6B65 /* FundamentalsCocoaTests */ = {
			isa = PBXNativeTarget;
			buildConfigurationList = E6F0348C1AD39FA5002B6B65 /* Build configuration list for PBXNativeTarget "FundamentalsCocoaTests" */;
			buildPhases = (
				E6F0347B1AD39FA5002B6B65 /* Sources */,
				E6F0347C1AD39FA5002B6B65 /* Frameworks */,
				E6F0347D1AD39FA5002B6B65 /* Resources */,
			);
			buildRules = (
			);
			dependencies = (
				E6F034811AD39FA5002B6B65 /* PBXTargetDependency */,
			);
			name = FundamentalsCocoaTests;
			productName = FundamentalsCocoaTests;
			productReference = E6F0347F1AD39FA5002B6B65 /* FundamentalsCocoaTests.xctest */;
			productType = "com.apple.product-type.bundle.unit-test";
		};
/* End PBXNativeTarget section */

/* Begin PBXProject section */
		E6F034611AD39FA4002B6B65 /* Project object */ = {
			isa = PBXProject;
			attributes = {
				LastUpgradeCheck = 0620;
				ORGANIZATIONNAME = "王焕强";
				TargetAttributes = {
					E6F034681AD39FA4002B6B65 = {
						CreatedOnToolsVersion = 6.2;
					};
					E6F0347E1AD39FA5002B6B65 = {
						CreatedOnToolsVersion = 6.2;
						TestTargetID = E6F034681AD39FA4002B6B65;
					};
				};
			};
			buildConfigurationList = E6F034641AD39FA4002B6B65 /* Build configuration list for PBXProject "FundamentalsCocoa" */;
			compatibilityVersion = "Xcode 3.2";
			developmentRegion = English;
			hasScannedForEncodings = 0;
			knownRegions = (
				en,
				Base,
			);
			mainGroup = E6F034601AD39FA4002B6B65;
			productRefGroup = E6F0346A1AD39FA4002B6B65 /* Products */;
			projectDirPath = "";
			projectRoot = "";
			targets = (
				E6F034681AD39FA4002B6B65 /* FundamentalsCocoa */,
				E6F0347E1AD39FA5002B6B65 /* FundamentalsCocoaTests */,
			);
		};
/* End PBXProject section */

/* Begin PBXResourcesBuildPhase section */
		E6F034671AD39FA4002B6B65 /* Resources */ = {
			isa = PBXResourcesBuildPhase;
			buildActionMask = 2147483647;
			files = (
				E6F034771AD39FA5002B6B65 /* Images.xcassets in Resources */,
				E6F0347A1AD39FA5002B6B65 /* Main.storyboard in Resources */,
				E6A247261AF0821D001B8F02 /* OperatorPriorateWindowController.xib in Resources */,
				E699C8911AD426AA00CD96C8 /* FundamentalsResultPanelViewController.xib in Resources */,
				E6B6AFBC1AE63FEA008E9C30 /* LLFirstForecast.xib in Resources */,
			);
			runOnlyForDeploymentPostprocessing = 0;
		};
		E6F0347D1AD39FA5002B6B65 /* Resources */ = {
			isa = PBXResourcesBuildPhase;
			buildActionMask = 2147483647;
			files = (
			);
			runOnlyForDeploymentPostprocessing = 0;
		};
/* End PBXResourcesBuildPhase section */

/* Begin PBXSourcesBuildPhase section */
		E6F034651AD39FA4002B6B65 /* Sources */ = {
			isa = PBXSourcesBuildPhase;
			buildActionMask = 2147483647;
			files = (
				E6F034751AD39FA5002B6B65 /* ViewController.m in Sources */,
				E66948A21AD4E51600CD9EE5 /* MenuOperating.m in Sources */,
				E6F034721AD39FA4002B6B65 /* main.m in Sources */,
				E6B6AFB61AE63F4C008E9C30 /* FileOperateClass.m in Sources */,
				E680A0711AD51D980063C2C5 /* CodeTypeOperating.m in Sources */,
				E6A247251AF0821D001B8F02 /* OperatorPriorateWindowController.m in Sources */,
				E699C88B1AD4253600CD96C8 /* FundamentalsResultPanelViewController.m in Sources */,
				E6F034701AD39FA4002B6B65 /* AppDelegate.m in Sources */,
				E6B6AFBB1AE63FEA008E9C30 /* LLFirstForecast.m in Sources */,
				E680A06C1AD50A820063C2C5 /* CodeTypeClass.m in Sources */,
				E602D3AA1AE74BF70050E2A2 /* GrammaticalAnalysisClass.m in Sources */,
			);
			runOnlyForDeploymentPostprocessing = 0;
		};
		E6F0347B1AD39FA5002B6B65 /* Sources */ = {
			isa = PBXSourcesBuildPhase;
			buildActionMask = 2147483647;
			files = (
				E6F034861AD39FA5002B6B65 /* FundamentalsCocoaTests.m in Sources */,
			);
			runOnlyForDeploymentPostprocessing = 0;
		};
/* End PBXSourcesBuildPhase section */

/* Begin PBXTargetDependency section */
		E6F034811AD39FA5002B6B65 /* PBXTargetDependency */ = {
			isa = PBXTargetDependency;
			target = E6F034681AD39FA4002B6B65 /* FundamentalsCocoa */;
			targetProxy = E6F034801AD39FA5002B6B65 /* PBXContainerItemProxy */;
		};
/* End PBXTargetDependency section */

/* Begin PBXVariantGroup section */
		E6F034781AD39FA5002B6B65 /* Main.storyboard */ = {
			isa = PBXVariantGroup;
			children = (
				E6F034791AD39FA5002B6B65 /* Base */,
			);
			name = Main.storyboard;
			sourceTree = "<group>";
		};
/* End PBXVariantGroup section */

/* Begin XCBuildConfiguration section */
		E6F034871AD39FA5002B6B65 /* Debug */ = {
			isa = XCBuildConfiguration;
			buildSettings = {
				ALWAYS_SEARCH_USER_PATHS = NO;
				CLANG_CXX_LANGUAGE_STANDARD = "gnu++0x";
				CLANG_CXX_LIBRARY = "libc++";
				CLANG_ENABLE_MODULES = YES;
				CLANG_ENABLE_OBJC_ARC = YES;
				CLANG_WARN_BOOL_CONVERSION = YES;
				CLANG_WARN_CONSTANT_CONVERSION = YES;
				CLANG_WARN_DIRECT_OBJC_ISA_USAGE = YES_ERROR;
				CLANG_WARN_EMPTY_BODY = YES;
				CLANG_WARN_ENUM_CONVERSION = YES;
				CLANG_WARN_INT_CONVERSION = YES;
				CLANG_WARN_OBJC_ROOT_CLASS = YES_ERROR;
				CLANG_WARN_UNREACHABLE_CODE = YES;
				CLANG_WARN__DUPLICATE_METHOD_MATCH = YES;
				CODE_SIGN_IDENTITY = "-";
				COPY_PHASE_STRIP = NO;
				ENABLE_STRICT_OBJC_MSGSEND = YES;
				GCC_C_LANGUAGE_STANDARD = gnu99;
				GCC_DYNAMIC_NO_PIC = NO;
				GCC_OPTIMIZATION_LEVEL = 0;
				GCC_PREPROCESSOR_DEFINITIONS = (
					"DEBUG=1",
					"$(inherited)",
				);
				GCC_SYMBOLS_PRIVATE_EXTERN = NO;
				GCC_WARN_64_TO_32_BIT_CONVERSION = YES;
				GCC_WARN_ABOUT_RETURN_TYPE = YES_ERROR;
				GCC_WARN_UNDECLARED_SELECTOR = YES;
				GCC_WARN_UNINITIALIZED_AUTOS = YES_AGGRESSIVE;
				GCC_WARN_UNUSED_FUNCTION = YES;
				GCC_WARN_UNUSED_VARIABLE = YES;
				MACOSX_DEPLOYMENT_TARGET = 10.10;
				MTL_ENABLE_DEBUG_INFO = YES;
				ONLY_ACTIVE_ARCH = YES;
				SDKROOT = macosx;
			};
			name = Debug;
		};
		E6F034881AD39FA5002B6B65 /* Release */ = {
			isa = XCBuildConfiguration;
			buildSettings = {
				ALWAYS_SEARCH_USER_PATHS = NO;
				CLANG_CXX_LANGUAGE_STANDARD = "gnu++0x";
				CLANG_CXX_LIBRARY = "libc++";
				CLANG_ENABLE_MODULES = YES;
				CLANG_ENABLE_OBJC_ARC = YES;
				CLANG_WARN_BOOL_CONVERSION = YES;
				CLANG_WARN_CONSTANT_CONVERSION = YES;
				CLANG_WARN_DIRECT_OBJC_ISA_USAGE = YES_ERROR;
				CLANG_WARN_EMPTY_BODY = YES;
				CLANG_WARN_ENUM_CONVERSION = YES;
				CLANG_WARN_INT_CONVERSION = YES;
				CLANG_WARN_OBJC_ROOT_CLASS = YES_ERROR;
				CLANG_WARN_UNREACHABLE_CODE = YES;
				CLANG_WARN__DUPLICATE_METHOD_MATCH = YES;
				CODE_SIGN_IDENTITY = "-";
				COPY_PHASE_STRIP = NO;
				DEBUG_INFORMATION_FORMAT = "dwarf-with-dsym";
				ENABLE_NS_ASSERTIONS = NO;
				ENABLE_STRICT_OBJC_MSGSEND = YES;
				GCC_C_LANGUAGE_STANDARD = gnu99;
				GCC_WARN_64_TO_32_BIT_CONVERSION = YES;
				GCC_WARN_ABOUT_RETURN_TYPE = YES_ERROR;
				GCC_WARN_UNDECLARED_SELECTOR = YES;
				GCC_WARN_UNINITIALIZED_AUTOS = YES_AGGRESSIVE;
				GCC_WARN_UNUSED_FUNCTION = YES;
				GCC_WARN_UNUSED_VARIABLE = YES;
				MACOSX_DEPLOYMENT_TARGET = 10.10;
				MTL_ENABLE_DEBUG_INFO = NO;
				SDKROOT = macosx;
			};
			name = Release;
		};
		E6F0348A1AD39FA5002B6B65 /* Debug */ = {
			isa = XCBuildConfiguration;
			buildSettings = {
				ASSETCATALOG_COMPILER_APPICON_NAME = AppIcon;
				COMBINE_HIDPI_IMAGES = YES;
				INFOPLIST_FILE = FundamentalsCocoa/Info.plist;
				LD_RUNPATH_SEARCH_PATHS = "$(inherited) @executable_path/../Frameworks";
				PRODUCT_NAME = "$(TARGET_NAME)";
			};
			name = Debug;
		};
		E6F0348B1AD39FA5002B6B65 /* Release */ = {
			isa = XCBuildConfiguration;
			buildSettings = {
				ASSETCATALOG_COMPILER_APPICON_NAME = AppIcon;
				COMBINE_HIDPI_IMAGES = YES;
				INFOPLIST_FILE = FundamentalsCocoa/Info.plist;
				LD_RUNPATH_SEARCH_PATHS = "$(inherited) @executable_path/../Frameworks";
				PRODUCT_NAME = "$(TARGET_NAME)";
			};
			name = Release;
		};
		E6F0348D1AD39FA5002B6B65 /* Debug */ = {
			isa = XCBuildConfiguration;
			buildSettings = {
				BUNDLE_LOADER = "$(TEST_HOST)";
				COMBINE_HIDPI_IMAGES = YES;
				FRAMEWORK_SEARCH_PATHS = (
					"$(DEVELOPER_FRAMEWORKS_DIR)",
					"$(inherited)",
				);
				GCC_PREPROCESSOR_DEFINITIONS = (
					"DEBUG=1",
					"$(inherited)",
				);
				INFOPLIST_FILE = FundamentalsCocoaTests/Info.plist;
				LD_RUNPATH_SEARCH_PATHS = "$(inherited) @executable_path/../Frameworks @loader_path/../Frameworks";
				PRODUCT_NAME = "$(TARGET_NAME)";
				TEST_HOST = "$(BUILT_PRODUCTS_DIR)/FundamentalsCocoa.app/Contents/MacOS/FundamentalsCocoa";
			};
			name = Debug;
		};
		E6F0348E1AD39FA5002B6B65 /* Release */ = {
			isa = XCBuildConfiguration;
			buildSettings = {
				BUNDLE_LOADER = "$(TEST_HOST)";
				COMBINE_HIDPI_IMAGES = YES;
				FRAMEWORK_SEARCH_PATHS = (
					"$(DEVELOPER_FRAMEWORKS_DIR)",
					"$(inherited)",
				);
				INFOPLIST_FILE = FundamentalsCocoaTests/Info.plist;
				LD_RUNPATH_SEARCH_PATHS = "$(inherited) @executable_path/../Frameworks @loader_path/../Frameworks";
				PRODUCT_NAME = "$(TARGET_NAME)";
				TEST_HOST = "$(BUILT_PRODUCTS_DIR)/FundamentalsCocoa.app/Contents/MacOS/FundamentalsCocoa";
			};
			name = Release;
		};
/* End XCBuildConfiguration section */

/* Begin XCConfigurationList section */
		E6F034641AD39FA4002B6B65 /* Build configuration list for PBXProject "FundamentalsCocoa" */ = {
			isa = XCConfigurationList;
			buildConfigurations = (
				E6F034871AD39FA5002B6B65 /* Debug */,
				E6F034881AD39FA5002B6B65 /* Release */,
			);
			defaultConfigurationIsVisible = 0;
			defaultConfigurationName = Release;
		};
		E6F034891AD39FA5002B6B65 /* Build configuration list for PBXNativeTarget "FundamentalsCocoa" */ = {
			isa = XCConfigurationList;
			buildConfigurations = (
				E6F0348A1AD39FA5002B6B65 /* Debug */,
				E6F0348B1AD39FA5002B6B65 /* Release */,
			);
			defaultConfigurationIsVisible = 0;
			defaultConfigurationName = Release;
		};
		E6F0348C1AD39FA5002B6B65 /* Build configuration list for PBXNativeTarget "FundamentalsCocoaTests" */ = {
			isa = XCConfigurationList;
			buildConfigurations = (
				E6F0348D1AD39FA5002B6B65 /* Debug */,
				E6F0348E1AD39FA5002B6B65 /* Release */,
			);
			defaultConfigurationIsVisible = 0;
			defaultConfigurationName = Release;
		};
/* End XCConfigurationList section */
	};
	rootObject = E6F034611AD39FA4002B6B65 /* Project object */;
}
